
Microsoft Visual Studio Solution File, Format Version 12.00
# Visual Studio Version 17
VisualStudioVersion = 17.7.34202.233
MinimumVisualStudioVersion = 10.0.40219.1
Project("{FAE04EC0-301F-11D3-BF4B-00C04F79EFBC}") = "Person", "Person\Person.csproj", "{2EAF8652-D304-4AFF-982B-AC8DA79EDE04}"
EndProject
Global
	GlobalSection(SolutionConfigurationPlatforms) = preSolution
		Debug|Any CPU = Debug|Any CPU
		Release|Any CPU = Release|Any CPU
	EndGlobalSection
	GlobalSection(ProjectConfigurationPlatforms) = postSolution
		{2EAF8652-D304-4AFF-982B-AC8DA79EDE04}.Debug|Any CPU.ActiveCfg = Debug|Any CPU
		{2EAF8652-D304-4AFF-982B-AC8DA79EDE04}.Debug|Any CPU.Build.0 = Debug|Any CPU
		{2EAF8652-D304-4AFF-982B-AC8DA79EDE04}.Release|Any CPU.ActiveCfg = Release|Any CPU
		{2EAF8652-D304-4AFF-982B-AC8DA79EDE04}.Release|Any CPU.Build.0 = Release|Any CPU
	EndGlobalSection
	GlobalSection(SolutionProperties) = preSolution
		HideSolutionNode = FALSE
	EndGlobalSection
	GlobalSection(ExtensibilityGlobals) = postSolution
		SolutionGuid = {6A9F5FAA-1260-4FB5-AD1D-CE1F4ACD62C1}
	EndGlobalSection
EndGlobal
